
Microsoft Visual Studio Solution File, Format Version 12.00
# Visual Studio Version 17
VisualStudioVersion = 17.4.33205.214
MinimumVisualStudioVersion = 10.0.40219.1
Project("{9A19103F-16F7-4668-BE54-9A1E7A4F7556}") = "TodoList.Core", "TodoList.Core\TodoList.Core.csproj", "{435FF38C-7D52-45FA-9255-9673EF9A1A04}"
EndProject
Project("{9A19103F-16F7-4668-BE54-9A1E7A4F7556}") = "TodoList.Data", "TodoList.Data\TodoList.Data.csproj", "{79ABC194-EB94-4F46-B3FB-A567B70F2544}"
EndProject
Project("{9A19103F-16F7-4668-BE54-9A1E7A4F7556}") = "TodoList.Logic", "TodoList.Logic\TodoList.Logic.csproj", "{B7EEC5A7-CF0C-490E-A9AF-47AB8FB671F9}"
EndProject
Project("{9A19103F-16F7-4668-BE54-9A1E7A4F7556}") = "TodoList.Web", "TodoList\TodoList.Web.csproj", "{80339C0D-C6B9-4ABF-9435-E9C814355B56}"
EndProject
Global
	GlobalSection(SolutionConfigurationPlatforms) = preSolution
		Debug|Any CPU = Debug|Any CPU
		Debug|x64 = Debug|x64
		Debug|x86 = Debug|x86
		Release|Any CPU = Release|Any CPU
		Release|x64 = Release|x64
		Release|x86 = Release|x86
	EndGlobalSection
	GlobalSection(ProjectConfigurationPlatforms) = postSolution
		{435FF38C-7D52-45FA-9255-9673EF9A1A04}.Debug|Any CPU.ActiveCfg = Debug|Any CPU
		{435FF38C-7D52-45FA-9255-9673EF9A1A04}.Debug|Any CPU.Build.0 = Debug|Any CPU
		{435FF38C-7D52-45FA-9255-9673EF9A1A04}.Debug|x64.ActiveCfg = Debug|Any CPU
		{435FF38C-7D52-45FA-9255-9673EF9A1A04}.Debug|x64.Build.0 = Debug|Any CPU
		{435FF38C-7D52-45FA-9255-9673EF9A1A04}.Debug|x86.ActiveCfg = Debug|Any CPU
		{435FF38C-7D52-45FA-9255-9673EF9A1A04}.Debug|x86.Build.0 = Debug|Any CPU
		{435FF38C-7D52-45FA-9255-9673EF9A1A04}.Release|Any CPU.ActiveCfg = Release|Any CPU
		{435FF38C-7D52-45FA-9255-9673EF9A1A04}.Release|Any CPU.Build.0 = Release|Any CPU
		{435FF38C-7D52-45FA-9255-9673EF9A1A04}.Release|x64.ActiveCfg = Release|Any CPU
		{435FF38C-7D52-45FA-9255-9673EF9A1A04}.Release|x64.Build.0 = Release|Any CPU
		{435FF38C-7D52-45FA-9255-9673EF9A1A04}.Release|x86.ActiveCfg = Release|Any CPU
		{435FF38C-7D52-45FA-9255-9673EF9A1A04}.Release|x86.Build.0 = Release|Any CPU
		{79ABC194-EB94-4F46-B3FB-A567B70F2544}.Debug|Any CPU.ActiveCfg = Debug|Any CPU
		{79ABC194-EB94-4F46-B3FB-A567B70F2544}.Debug|Any CPU.Build.0 = Debug|Any CPU
		{79ABC194-EB94-4F46-B3FB-A567B70F2544}.Debug|x64.ActiveCfg = Debug|Any CPU
		{79ABC194-EB94-4F46-B3FB-A567B70F2544}.Debug|x64.Build.0 = Debug|Any CPU
		{79ABC194-EB94-4F46-B3FB-A567B70F2544}.Debug|x86.ActiveCfg = Debug|Any CPU
		{79ABC194-EB94-4F46-B3FB-A567B70F2544}.Debug|x86.Build.0 = Debug|Any CPU
		{79ABC194-EB94-4F46-B3FB-A567B70F2544}.Release|Any CPU.ActiveCfg = Release|Any CPU
		{79ABC194-EB94-4F46-B3FB-A567B70F2544}.Release|Any CPU.Build.0 = Release|Any CPU
		{79ABC194-EB94-4F46-B3FB-A567B70F2544}.Release|x64.ActiveCfg = Release|Any CPU
		{79ABC194-EB94-4F46-B3FB-A567B70F2544}.Release|x64.Build.0 = Release|Any CPU
		{79ABC194-EB94-4F46-B3FB-A567B70F2544}.Release|x86.ActiveCfg = Release|Any CPU
		{79ABC194-EB94-4F46-B3FB-A567B70F2544}.Release|x86.Build.0 = Release|Any CPU
		{B7EEC5A7-CF0C-490E-A9AF-47AB8FB671F9}.Debug|Any CPU.ActiveCfg = Debug|Any CPU
		{B7EEC5A7-CF0C-490E-A9AF-47AB8FB671F9}.Debug|Any CPU.Build.0 = Debug|Any CPU
		{B7EEC5A7-CF0C-490E-A9AF-47AB8FB671F9}.Debug|x64.ActiveCfg = Debug|Any CPU
		{B7EEC5A7-CF0C-490E-A9AF-47AB8FB671F9}.Debug|x64.Build.0 = Debug|Any CPU
		{B7EEC5A7-CF0C-490E-A9AF-47AB8FB671F9}.Debug|x86.ActiveCfg = Debug|Any CPU
		{B7EEC5A7-CF0C-490E-A9AF-47AB8FB671F9}.Debug|x86.Build.0 = Debug|Any CPU
		{B7EEC5A7-CF0C-490E-A9AF-47AB8FB671F9}.Release|Any CPU.ActiveCfg = Release|Any CPU
		{B7EEC5A7-CF0C-490E-A9AF-47AB8FB671F9}.Release|Any CPU.Build.0 = Release|Any CPU
		{B7EEC5A7-CF0C-490E-A9AF-47AB8FB671F9}.Release|x64.ActiveCfg = Release|Any CPU
		{B7EEC5A7-CF0C-490E-A9AF-47AB8FB671F9}.Release|x64.Build.0 = Release|Any CPU
		{B7EEC5A7-CF0C-490E-A9AF-47AB8FB671F9}.Release|x86.ActiveCfg = Release|Any CPU
		{B7EEC5A7-CF0C-490E-A9AF-47AB8FB671F9}.Release|x86.Build.0 = Release|Any CPU
		{80339C0D-C6B9-4ABF-9435-E9C814355B56}.Debug|Any CPU.ActiveCfg = Debug|Any CPU
		{80339C0D-C6B9-4ABF-9435-E9C814355B56}.Debug|Any CPU.Build.0 = Debug|Any CPU
		{80339C0D-C6B9-4ABF-9435-E9C814355B56}.Debug|x64.ActiveCfg = Debug|Any CPU
		{80339C0D-C6B9-4ABF-9435-E9C814355B56}.Debug|x64.Build.0 = Debug|Any CPU
		{80339C0D-C6B9-4ABF-9435-E9C814355B56}.Debug|x86.ActiveCfg = Debug|Any CPU
		{80339C0D-C6B9-4ABF-9435-E9C814355B56}.Debug|x86.Build.0 = Debug|Any CPU
		{80339C0D-C6B9-4ABF-9435-E9C814355B56}.Release|Any CPU.ActiveCfg = Release|Any CPU
		{80339C0D-C6B9-4ABF-9435-E9C814355B56}.Release|Any CPU.Build.0 = Release|Any CPU
		{80339C0D-C6B9-4ABF-9435-E9C814355B56}.Release|x64.ActiveCfg = Release|Any CPU
		{80339C0D-C6B9-4ABF-9435-E9C814355B56}.Release|x64.Build.0 = Release|Any CPU
		{80339C0D-C6B9-4ABF-9435-E9C814355B56}.Release|x86.ActiveCfg = Release|Any CPU
		{80339C0D-C6B9-4ABF-9435-E9C814355B56}.Release|x86.Build.0 = Release|Any CPU
	EndGlobalSection
	GlobalSection(SolutionProperties) = preSolution
		HideSolutionNode = FALSE
	EndGlobalSection
	GlobalSection(ExtensibilityGlobals) = postSolution
		SolutionGuid = {C2722DE1-3C51-45F2-A0BF-840A16B302BB}
	EndGlobalSection
EndGlobal
